
Microsoft Visual Studio Solution File, Format Version 12.00
# Visual Studio 15
VisualStudioVersion = 15.0.28307.705
MinimumVisualStudioVersion = 10.0.40219.1
Project("{9A19103F-16F7-4668-BE54-9A1E7A4F7556}") = "Benner.Messaging.Tests", "tests\Benner.Messaging.Tests\Benner.Messaging.Tests.csproj", "{791A4BA8-3049-4A3E-8FF0-EF973AF61C16}"
EndProject
Project("{9A19103F-16F7-4668-BE54-9A1E7A4F7556}") = "Benner.Messaging.Integration.Tests", "tests\Benner.Messaging.Integration.Tests\Benner.Messaging.Integration.Tests.csproj", "{C2505B47-2A47-40C1-931C-2A6C2FE0123E}"
EndProject
Project("{2150E333-8FDC-42A3-9474-1A3956D46DE8}") = "samples", "samples", "{97839F13-D676-4324-941A-16FD5151B2F2}"
EndProject
Project("{2150E333-8FDC-42A3-9474-1A3956D46DE8}") = "docs", "docs", "{39620032-C7D7-4A3E-95C3-614C3A0A0208}"
	ProjectSection(SolutionItems) = preProject
		DETAILS.md = DETAILS.md
		DETALHES.md = DETALHES.md
		LEIAME.md = LEIAME.md
		README.md = README.md
	EndProjectSection
EndProject
Project("{9A19103F-16F7-4668-BE54-9A1E7A4F7556}") = "producer", "samples\producer\producer.csproj", "{16577DB6-8B05-4A72-971A-57B841A31EFD}"
EndProject
Project("{9A19103F-16F7-4668-BE54-9A1E7A4F7556}") = "consumer", "samples\consumer\consumer.csproj", "{F5A1B602-02CE-4047-986F-74A633FA1751}"
EndProject
Project("{2150E333-8FDC-42A3-9474-1A3956D46DE8}") = "tests", "tests", "{E7BA2632-92C4-423D-83A1-E65694FD082B}"
EndProject
Project("{9A19103F-16F7-4668-BE54-9A1E7A4F7556}") = "Benner.Messaging", "src\Benner.Messaging\Benner.Messaging.csproj", "{9C4E3388-9EF3-41AA-91EE-D855D341DA7C}"
EndProject
Project("{9A19103F-16F7-4668-BE54-9A1E7A4F7556}") = "Benner.Listener", "src\Benner.Listener\Benner.Listener.csproj", "{B0FFBE35-F9B6-4764-92F6-97D063481487}"
EndProject
Project("{9A19103F-16F7-4668-BE54-9A1E7A4F7556}") = "Benner.Consumer.Core", "src\Benner.Consumer.Core\Benner.Consumer.Core.csproj", "{EFB42297-FA39-485F-AC21-AC1560568BB5}"
EndProject
Project("{FAE04EC0-301F-11D3-BF4B-00C04F79EFBC}") = "Benner.Consumer.Full", "src\Benner.Consumer.Full\Benner.Consumer.Full.csproj", "{A7D08415-0E32-4A5D-B5D9-0D9C5D72E87F}"
EndProject
Project("{9A19103F-16F7-4668-BE54-9A1E7A4F7556}") = "BennerProducer", "samples\BennerProducer\BennerProducer.csproj", "{C12D80F9-1E24-4EB4-AD73-843D73064BAB}"
EndProject
Project("{FAE04EC0-301F-11D3-BF4B-00C04F79EFBC}") = "Benner.Messaging.Configuration", "Benner.Messaging.Configuration\Benner.Messaging.Configuration.csproj", "{01D5F7AF-470E-425B-88DA-B264B562F524}"
EndProject
Global
	GlobalSection(SolutionConfigurationPlatforms) = preSolution
		Debug|Any CPU = Debug|Any CPU
		Release|Any CPU = Release|Any CPU
	EndGlobalSection
	GlobalSection(ProjectConfigurationPlatforms) = postSolution
		{791A4BA8-3049-4A3E-8FF0-EF973AF61C16}.Debug|Any CPU.ActiveCfg = Debug|Any CPU
		{791A4BA8-3049-4A3E-8FF0-EF973AF61C16}.Debug|Any CPU.Build.0 = Debug|Any CPU
		{791A4BA8-3049-4A3E-8FF0-EF973AF61C16}.Release|Any CPU.ActiveCfg = Release|Any CPU
		{791A4BA8-3049-4A3E-8FF0-EF973AF61C16}.Release|Any CPU.Build.0 = Release|Any CPU
		{C2505B47-2A47-40C1-931C-2A6C2FE0123E}.Debug|Any CPU.ActiveCfg = Debug|Any CPU
		{C2505B47-2A47-40C1-931C-2A6C2FE0123E}.Release|Any CPU.ActiveCfg = Release|Any CPU
		{16577DB6-8B05-4A72-971A-57B841A31EFD}.Debug|Any CPU.ActiveCfg = Debug|Any CPU
		{16577DB6-8B05-4A72-971A-57B841A31EFD}.Debug|Any CPU.Build.0 = Debug|Any CPU
		{16577DB6-8B05-4A72-971A-57B841A31EFD}.Release|Any CPU.ActiveCfg = Release|Any CPU
		{16577DB6-8B05-4A72-971A-57B841A31EFD}.Release|Any CPU.Build.0 = Release|Any CPU
		{F5A1B602-02CE-4047-986F-74A633FA1751}.Debug|Any CPU.ActiveCfg = Debug|Any CPU
		{F5A1B602-02CE-4047-986F-74A633FA1751}.Debug|Any CPU.Build.0 = Debug|Any CPU
		{F5A1B602-02CE-4047-986F-74A633FA1751}.Release|Any CPU.ActiveCfg = Release|Any CPU
		{F5A1B602-02CE-4047-986F-74A633FA1751}.Release|Any CPU.Build.0 = Release|Any CPU
		{9C4E3388-9EF3-41AA-91EE-D855D341DA7C}.Debug|Any CPU.ActiveCfg = Debug|Any CPU
		{9C4E3388-9EF3-41AA-91EE-D855D341DA7C}.Debug|Any CPU.Build.0 = Debug|Any CPU
		{9C4E3388-9EF3-41AA-91EE-D855D341DA7C}.Release|Any CPU.ActiveCfg = Release|Any CPU
		{9C4E3388-9EF3-41AA-91EE-D855D341DA7C}.Release|Any CPU.Build.0 = Release|Any CPU
		{B0FFBE35-F9B6-4764-92F6-97D063481487}.Debug|Any CPU.ActiveCfg = Debug|Any CPU
		{B0FFBE35-F9B6-4764-92F6-97D063481487}.Debug|Any CPU.Build.0 = Debug|Any CPU
		{B0FFBE35-F9B6-4764-92F6-97D063481487}.Release|Any CPU.ActiveCfg = Release|Any CPU
		{B0FFBE35-F9B6-4764-92F6-97D063481487}.Release|Any CPU.Build.0 = Release|Any CPU
		{EFB42297-FA39-485F-AC21-AC1560568BB5}.Debug|Any CPU.ActiveCfg = Debug|Any CPU
		{EFB42297-FA39-485F-AC21-AC1560568BB5}.Debug|Any CPU.Build.0 = Debug|Any CPU
		{EFB42297-FA39-485F-AC21-AC1560568BB5}.Release|Any CPU.ActiveCfg = Release|Any CPU
		{EFB42297-FA39-485F-AC21-AC1560568BB5}.Release|Any CPU.Build.0 = Release|Any CPU
		{A7D08415-0E32-4A5D-B5D9-0D9C5D72E87F}.Debug|Any CPU.ActiveCfg = Debug|Any CPU
		{A7D08415-0E32-4A5D-B5D9-0D9C5D72E87F}.Debug|Any CPU.Build.0 = Debug|Any CPU
		{A7D08415-0E32-4A5D-B5D9-0D9C5D72E87F}.Release|Any CPU.ActiveCfg = Release|Any CPU
		{A7D08415-0E32-4A5D-B5D9-0D9C5D72E87F}.Release|Any CPU.Build.0 = Release|Any CPU
		{C12D80F9-1E24-4EB4-AD73-843D73064BAB}.Debug|Any CPU.ActiveCfg = Debug|Any CPU
		{C12D80F9-1E24-4EB4-AD73-843D73064BAB}.Debug|Any CPU.Build.0 = Debug|Any CPU
		{C12D80F9-1E24-4EB4-AD73-843D73064BAB}.Release|Any CPU.ActiveCfg = Release|Any CPU
		{C12D80F9-1E24-4EB4-AD73-843D73064BAB}.Release|Any CPU.Build.0 = Release|Any CPU
		{01D5F7AF-470E-425B-88DA-B264B562F524}.Debug|Any CPU.ActiveCfg = Debug|Any CPU
		{01D5F7AF-470E-425B-88DA-B264B562F524}.Debug|Any CPU.Build.0 = Debug|Any CPU
		{01D5F7AF-470E-425B-88DA-B264B562F524}.Release|Any CPU.ActiveCfg = Release|Any CPU
		{01D5F7AF-470E-425B-88DA-B264B562F524}.Release|Any CPU.Build.0 = Release|Any CPU
	EndGlobalSection
	GlobalSection(SolutionProperties) = preSolution
		HideSolutionNode = FALSE
	EndGlobalSection
	GlobalSection(NestedProjects) = preSolution
		{791A4BA8-3049-4A3E-8FF0-EF973AF61C16} = {E7BA2632-92C4-423D-83A1-E65694FD082B}
		{C2505B47-2A47-40C1-931C-2A6C2FE0123E} = {E7BA2632-92C4-423D-83A1-E65694FD082B}
		{16577DB6-8B05-4A72-971A-57B841A31EFD} = {97839F13-D676-4324-941A-16FD5151B2F2}
		{F5A1B602-02CE-4047-986F-74A633FA1751} = {97839F13-D676-4324-941A-16FD5151B2F2}
		{C12D80F9-1E24-4EB4-AD73-843D73064BAB} = {97839F13-D676-4324-941A-16FD5151B2F2}
	EndGlobalSection
	GlobalSection(ExtensibilityGlobals) = postSolution
		SolutionGuid = {E33B176C-4421-406A-A00A-0FCB277089B1}
	EndGlobalSection
EndGlobal
